
Microsoft Visual Studio Solution File, Format Version 12.00
# Visual Studio 14
VisualStudioVersion = 14.0.25420.1
MinimumVisualStudioVersion = 10.0.40219.1
Project("{FAE04EC0-301F-11D3-BF4B-00C04F79EFBC}") = "work_log", "work_log\work_log.csproj", "{07666F7D-EE4A-45B2-BDDA-3699282B29A3}"
EndProject
Project("{FAE04EC0-301F-11D3-BF4B-00C04F79EFBC}") = "LogTest", "LogTest\LogTest.csproj", "{7AC3A8DD-CA67-401D-A15F-1D83B27BCBFB}"
EndProject
Global
	GlobalSection(SolutionConfigurationPlatforms) = preSolution
		Debug|Any CPU = Debug|Any CPU
		Release|Any CPU = Release|Any CPU
	EndGlobalSection
	GlobalSection(ProjectConfigurationPlatforms) = postSolution
		{07666F7D-EE4A-45B2-BDDA-3699282B29A3}.Debug|Any CPU.ActiveCfg = Debug|Any CPU
		{07666F7D-EE4A-45B2-BDDA-3699282B29A3}.Debug|Any CPU.Build.0 = Debug|Any CPU
		{07666F7D-EE4A-45B2-BDDA-3699282B29A3}.Release|Any CPU.ActiveCfg = Release|Any CPU
		{07666F7D-EE4A-45B2-BDDA-3699282B29A3}.Release|Any CPU.Build.0 = Release|Any CPU
		{7AC3A8DD-CA67-401D-A15F-1D83B27BCBFB}.Debug|Any CPU.ActiveCfg = Debug|Any CPU
		{7AC3A8DD-CA67-401D-A15F-1D83B27BCBFB}.Debug|Any CPU.Build.0 = Debug|Any CPU
		{7AC3A8DD-CA67-401D-A15F-1D83B27BCBFB}.Release|Any CPU.ActiveCfg = Release|Any CPU
		{7AC3A8DD-CA67-401D-A15F-1D83B27BCBFB}.Release|Any CPU.Build.0 = Release|Any CPU
	EndGlobalSection
	GlobalSection(SolutionProperties) = preSolution
		HideSolutionNode = FALSE
	EndGlobalSection
EndGlobal
